
Microsoft Visual Studio Solution File, Format Version 11.00
# Visual Studio 2010
Project("{FAE04EC0-301F-11D3-BF4B-00C04F79EFBC}") = "VR testing", "Assembly-CSharp.csproj", "{C64834A2-D442-CEA8-8CFC-0F739F683C0C}"
EndProject
Project("{FAE04EC0-301F-11D3-BF4B-00C04F79EFBC}") = "VR testing", "Assembly-CSharp-Editor.csproj", "{11268418-2432-E6D9-54DC-CB182CD9B32F}"
EndProject
Global
	GlobalSection(SolutionConfigurationPlatforms) = preSolution
		Debug|Any CPU = Debug|Any CPU
		Release|Any CPU = Release|Any CPU
	EndGlobalSection
	GlobalSection(ProjectConfigurationPlatforms) = postSolution
		{C64834A2-D442-CEA8-8CFC-0F739F683C0C}.Debug|Any CPU.ActiveCfg = Debug|Any CPU
		{C64834A2-D442-CEA8-8CFC-0F739F683C0C}.Debug|Any CPU.Build.0 = Debug|Any CPU
		{C64834A2-D442-CEA8-8CFC-0F739F683C0C}.Release|Any CPU.ActiveCfg = Release|Any CPU
		{C64834A2-D442-CEA8-8CFC-0F739F683C0C}.Release|Any CPU.Build.0 = Release|Any CPU
		{11268418-2432-E6D9-54DC-CB182CD9B32F}.Debug|Any CPU.ActiveCfg = Debug|Any CPU
		{11268418-2432-E6D9-54DC-CB182CD9B32F}.Debug|Any CPU.Build.0 = Debug|Any CPU
		{11268418-2432-E6D9-54DC-CB182CD9B32F}.Release|Any CPU.ActiveCfg = Release|Any CPU
		{11268418-2432-E6D9-54DC-CB182CD9B32F}.Release|Any CPU.Build.0 = Release|Any CPU
	EndGlobalSection
	GlobalSection(SolutionProperties) = preSolution
		HideSolutionNode = FALSE
	EndGlobalSection
	GlobalSection(MonoDevelopProperties) = preSolution
		StartupItem = Assembly-CSharp.csproj
	EndGlobalSection
EndGlobal
